
Microsoft Visual Studio Solution File, Format Version 12.00
# Visual Studio Version 17
VisualStudioVersion = 17.9.34622.214
MinimumVisualStudioVersion = 10.0.40219.1
Project("{FAE04EC0-301F-11D3-BF4B-00C04F79EFBC}") = "Api", "Api\Api.csproj", "{928FD7DD-CB87-43DD-974B-78B558414970}"
EndProject
Project("{FAE04EC0-301F-11D3-BF4B-00C04F79EFBC}") = "Application", "Application\Application.csproj", "{C1D0E0FE-89D6-423B-A459-A36DDD44C7C7}"
EndProject
Project("{FAE04EC0-301F-11D3-BF4B-00C04F79EFBC}") = "Domain", "Domain\Domain.csproj", "{4F7ECDAF-A77A-4FF8-A97E-9550914851F8}"
EndProject
Project("{FAE04EC0-301F-11D3-BF4B-00C04F79EFBC}") = "Infrastructure", "Infrastructure\Infrastructure.csproj", "{BA0581B8-3D2D-41C4-BA15-29B80AED180D}"
EndProject
Global
	GlobalSection(SolutionConfigurationPlatforms) = preSolution
		Debug|Any CPU = Debug|Any CPU
		Release|Any CPU = Release|Any CPU
	EndGlobalSection
	GlobalSection(ProjectConfigurationPlatforms) = postSolution
		{928FD7DD-CB87-43DD-974B-78B558414970}.Debug|Any CPU.ActiveCfg = Debug|Any CPU
		{928FD7DD-CB87-43DD-974B-78B558414970}.Debug|Any CPU.Build.0 = Debug|Any CPU
		{928FD7DD-CB87-43DD-974B-78B558414970}.Release|Any CPU.ActiveCfg = Release|Any CPU
		{928FD7DD-CB87-43DD-974B-78B558414970}.Release|Any CPU.Build.0 = Release|Any CPU
		{C1D0E0FE-89D6-423B-A459-A36DDD44C7C7}.Debug|Any CPU.ActiveCfg = Debug|Any CPU
		{C1D0E0FE-89D6-423B-A459-A36DDD44C7C7}.Debug|Any CPU.Build.0 = Debug|Any CPU
		{C1D0E0FE-89D6-423B-A459-A36DDD44C7C7}.Release|Any CPU.ActiveCfg = Release|Any CPU
		{C1D0E0FE-89D6-423B-A459-A36DDD44C7C7}.Release|Any CPU.Build.0 = Release|Any CPU
		{4F7ECDAF-A77A-4FF8-A97E-9550914851F8}.Debug|Any CPU.ActiveCfg = Debug|Any CPU
		{4F7ECDAF-A77A-4FF8-A97E-9550914851F8}.Debug|Any CPU.Build.0 = Debug|Any CPU
		{4F7ECDAF-A77A-4FF8-A97E-9550914851F8}.Release|Any CPU.ActiveCfg = Release|Any CPU
		{4F7ECDAF-A77A-4FF8-A97E-9550914851F8}.Release|Any CPU.Build.0 = Release|Any CPU
		{BA0581B8-3D2D-41C4-BA15-29B80AED180D}.Debug|Any CPU.ActiveCfg = Debug|Any CPU
		{BA0581B8-3D2D-41C4-BA15-29B80AED180D}.Debug|Any CPU.Build.0 = Debug|Any CPU
		{BA0581B8-3D2D-41C4-BA15-29B80AED180D}.Release|Any CPU.ActiveCfg = Release|Any CPU
		{BA0581B8-3D2D-41C4-BA15-29B80AED180D}.Release|Any CPU.Build.0 = Release|Any CPU
	EndGlobalSection
	GlobalSection(SolutionProperties) = preSolution
		HideSolutionNode = FALSE
	EndGlobalSection
	GlobalSection(ExtensibilityGlobals) = postSolution
		SolutionGuid = {3838C123-2C05-4EF2-844C-3D7389E42353}
	EndGlobalSection
EndGlobal
